# This file is automatically @generated by Poetry 2.1.3 and should not be changed by hand.

[[package]]
name = "app-config"
version = "1.0.1"
description = "GBDX App Config"
optional = false
python-versions = "*"
groups = ["main"]
files = [
    {file = "app-config-1.0.1.tar.gz", hash = "sha256:bae2f1cb49023c59b7adf46994f13bf017a0d231ea92fc7195be1d1089b60e88"},
]

[package.dependencies]
boto = ">=2.38.0"

[[package]]
name = "base"
version = "0.0.0"
description = ""
optional = false
python-versions = "*"
groups = ["main"]
files = [
    {file = "base-0.0.0.tar.gz", hash = "sha256:feb97f56b135b56e9c853c63b5440482aff2ae8a5964ec299c49c0788843391a"},
]

[[package]]
name = "boto"
version = "2.49.0"
description = "Amazon Web Services Library"
optional = false
python-versions = "*"
groups = ["main"]
files = [
    {file = "boto-2.49.0-py2.py3-none-any.whl", hash = "sha256:147758d41ae7240dc989f0039f27da8ca0d53734be0eb869ef16e3adcfa462e8"},
    {file = "boto-2.49.0.tar.gz", hash = "sha256:ea0d3b40a2d852767be77ca343b58a9e3a4b00d9db440efb8da74b4e58025e5a"},
]

[[package]]
name = "poetry-core"
version = "1.0.8"
description = "Poetry PEP 517 Build Backend"
optional = false
python-versions = ">=2.7, !=3.0.*, !=3.1.*, !=3.2.*, !=3.3.*, !=3.4.*"
groups = ["main"]
files = [
    {file = "poetry-core-1.0.8.tar.gz", hash = "sha256:951fc7c1f8d710a94cb49019ee3742125039fc659675912ea614ac2aa405b118"},
    {file = "poetry_core-1.0.8-py2.py3-none-any.whl", hash = "sha256:54b0fab6f7b313886e547a52f8bf52b8cf43e65b2633c65117f8755289061924"},
]

[metadata]
lock-version = "2.1"
python-versions = ">=3.12"
content-hash = "45a6e8d45cba01920900e311aa2d5efe46953885a7daf0dc2c21a8480e0ef130"
